{
  "name": "Locust_Project",
  "requires": true,
  "lockfileVersion": 1,
  "dependencies": {
    "sweetalert2": {
      "version": "8.5.0",
      "resolved": "https://registry.npmjs.org/sweetalert2/-/sweetalert2-8.5.0.tgz",
      "integrity": "sha512-cvGitYfnutaRIWuLJ+p+eLXieJyodWpB9F8AtD6Y5uNWN5OcQD1dDwN7VPDo4U7y4ni3rgK9gDYmkz9RCf4PSA=="
    }
  }
}
